
Microsoft Visual Studio Solution File, Format Version 12.00
# Visual Studio Version 17
VisualStudioVersion = 17.7.34024.191
MinimumVisualStudioVersion = 10.0.40219.1
Project("{FAE04EC0-301F-11D3-BF4B-00C04F79EFBC}") = "AngelBelt", "AngelBelt.csproj", "{787C1A09-EF4D-4735-B996-346518AE4860}"
EndProject
Global
	GlobalSection(SolutionConfigurationPlatforms) = preSolution
		Debug|Any CPU = Debug|Any CPU
		Release|Any CPU = Release|Any CPU
	EndGlobalSection
	GlobalSection(ProjectConfigurationPlatforms) = postSolution
		{787C1A09-EF4D-4735-B996-346518AE4860}.Debug|Any CPU.ActiveCfg = Debug|Any CPU
		{787C1A09-EF4D-4735-B996-346518AE4860}.Debug|Any CPU.Build.0 = Debug|Any CPU
		{787C1A09-EF4D-4735-B996-346518AE4860}.Release|Any CPU.ActiveCfg = Release|Any CPU
		{787C1A09-EF4D-4735-B996-346518AE4860}.Release|Any CPU.Build.0 = Release|Any CPU
	EndGlobalSection
	GlobalSection(SolutionProperties) = preSolution
		HideSolutionNode = FALSE
	EndGlobalSection
	GlobalSection(ExtensibilityGlobals) = postSolution
		SolutionGuid = {AD300BA4-DED9-4557-A446-1AFB150F1B52}
	EndGlobalSection
EndGlobal
